
Microsoft Visual Studio Solution File, Format Version 12.00
# Visual Studio 15
VisualStudioVersion = 15.0.27428.2005
MinimumVisualStudioVersion = 10.0.40219.1
Project("{FAE04EC0-301F-11D3-BF4B-00C04F79EFBC}") = "Stock Management", "Stock Management\Stock Management.csproj", "{5AE46A4A-6F25-4E0B-B3AC-D92F3F2B153B}"
EndProject
Project("{FAE04EC0-301F-11D3-BF4B-00C04F79EFBC}") = "StockManagementWS", "StockManagementWS\StockManagementWS.csproj", "{A196F0BB-ECC6-4D92-99C4-43B207619BCD}"
EndProject
Project("{FAE04EC0-301F-11D3-BF4B-00C04F79EFBC}") = "TestWebservice", "TestWebservice\TestWebservice.csproj", "{F9EA6F82-DFE2-46FB-BC8B-42AEBCC91634}"
EndProject
Project("{FAE04EC0-301F-11D3-BF4B-00C04F79EFBC}") = "StockManagementTest", "StockManagementTest\StockManagementTest.csproj", "{31C1B259-257A-4CBD-A89A-E9976C0FC16D}"
EndProject
Global
	GlobalSection(SolutionConfigurationPlatforms) = preSolution
		Debug|Any CPU = Debug|Any CPU
		Debug|ARM = Debug|ARM
		Debug|x64 = Debug|x64
		Debug|x86 = Debug|x86
		Release|Any CPU = Release|Any CPU
		Release|ARM = Release|ARM
		Release|x64 = Release|x64
		Release|x86 = Release|x86
	EndGlobalSection
	GlobalSection(ProjectConfigurationPlatforms) = postSolution
		{5AE46A4A-6F25-4E0B-B3AC-D92F3F2B153B}.Debug|Any CPU.ActiveCfg = Debug|x86
		{5AE46A4A-6F25-4E0B-B3AC-D92F3F2B153B}.Debug|ARM.ActiveCfg = Debug|ARM
		{5AE46A4A-6F25-4E0B-B3AC-D92F3F2B153B}.Debug|ARM.Build.0 = Debug|ARM
		{5AE46A4A-6F25-4E0B-B3AC-D92F3F2B153B}.Debug|ARM.Deploy.0 = Debug|ARM
		{5AE46A4A-6F25-4E0B-B3AC-D92F3F2B153B}.Debug|x64.ActiveCfg = Debug|x64
		{5AE46A4A-6F25-4E0B-B3AC-D92F3F2B153B}.Debug|x64.Build.0 = Debug|x64
		{5AE46A4A-6F25-4E0B-B3AC-D92F3F2B153B}.Debug|x64.Deploy.0 = Debug|x64
		{5AE46A4A-6F25-4E0B-B3AC-D92F3F2B153B}.Debug|x86.ActiveCfg = Debug|x86
		{5AE46A4A-6F25-4E0B-B3AC-D92F3F2B153B}.Debug|x86.Build.0 = Debug|x86
		{5AE46A4A-6F25-4E0B-B3AC-D92F3F2B153B}.Debug|x86.Deploy.0 = Debug|x86
		{5AE46A4A-6F25-4E0B-B3AC-D92F3F2B153B}.Release|Any CPU.ActiveCfg = Release|x86
		{5AE46A4A-6F25-4E0B-B3AC-D92F3F2B153B}.Release|ARM.ActiveCfg = Release|ARM
		{5AE46A4A-6F25-4E0B-B3AC-D92F3F2B153B}.Release|ARM.Build.0 = Release|ARM
		{5AE46A4A-6F25-4E0B-B3AC-D92F3F2B153B}.Release|ARM.Deploy.0 = Release|ARM
		{5AE46A4A-6F25-4E0B-B3AC-D92F3F2B153B}.Release|x64.ActiveCfg = Release|x64
		{5AE46A4A-6F25-4E0B-B3AC-D92F3F2B153B}.Release|x64.Build.0 = Release|x64
		{5AE46A4A-6F25-4E0B-B3AC-D92F3F2B153B}.Release|x64.Deploy.0 = Release|x64
		{5AE46A4A-6F25-4E0B-B3AC-D92F3F2B153B}.Release|x86.ActiveCfg = Release|x86
		{5AE46A4A-6F25-4E0B-B3AC-D92F3F2B153B}.Release|x86.Build.0 = Release|x86
		{5AE46A4A-6F25-4E0B-B3AC-D92F3F2B153B}.Release|x86.Deploy.0 = Release|x86
		{A196F0BB-ECC6-4D92-99C4-43B207619BCD}.Debug|Any CPU.ActiveCfg = Debug|Any CPU
		{A196F0BB-ECC6-4D92-99C4-43B207619BCD}.Debug|Any CPU.Build.0 = Debug|Any CPU
		{A196F0BB-ECC6-4D92-99C4-43B207619BCD}.Debug|ARM.ActiveCfg = Debug|Any CPU
		{A196F0BB-ECC6-4D92-99C4-43B207619BCD}.Debug|ARM.Build.0 = Debug|Any CPU
		{A196F0BB-ECC6-4D92-99C4-43B207619BCD}.Debug|x64.ActiveCfg = Debug|Any CPU
		{A196F0BB-ECC6-4D92-99C4-43B207619BCD}.Debug|x64.Build.0 = Debug|Any CPU
		{A196F0BB-ECC6-4D92-99C4-43B207619BCD}.Debug|x86.ActiveCfg = Debug|Any CPU
		{A196F0BB-ECC6-4D92-99C4-43B207619BCD}.Debug|x86.Build.0 = Debug|Any CPU
		{A196F0BB-ECC6-4D92-99C4-43B207619BCD}.Release|Any CPU.ActiveCfg = Release|Any CPU
		{A196F0BB-ECC6-4D92-99C4-43B207619BCD}.Release|Any CPU.Build.0 = Release|Any CPU
		{A196F0BB-ECC6-4D92-99C4-43B207619BCD}.Release|ARM.ActiveCfg = Release|Any CPU
		{A196F0BB-ECC6-4D92-99C4-43B207619BCD}.Release|ARM.Build.0 = Release|Any CPU
		{A196F0BB-ECC6-4D92-99C4-43B207619BCD}.Release|x64.ActiveCfg = Release|Any CPU
		{A196F0BB-ECC6-4D92-99C4-43B207619BCD}.Release|x64.Build.0 = Release|Any CPU
		{A196F0BB-ECC6-4D92-99C4-43B207619BCD}.Release|x86.ActiveCfg = Release|Any CPU
		{A196F0BB-ECC6-4D92-99C4-43B207619BCD}.Release|x86.Build.0 = Release|Any CPU
		{F9EA6F82-DFE2-46FB-BC8B-42AEBCC91634}.Debug|Any CPU.ActiveCfg = Debug|Any CPU
		{F9EA6F82-DFE2-46FB-BC8B-42AEBCC91634}.Debug|Any CPU.Build.0 = Debug|Any CPU
		{F9EA6F82-DFE2-46FB-BC8B-42AEBCC91634}.Debug|ARM.ActiveCfg = Debug|Any CPU
		{F9EA6F82-DFE2-46FB-BC8B-42AEBCC91634}.Debug|ARM.Build.0 = Debug|Any CPU
		{F9EA6F82-DFE2-46FB-BC8B-42AEBCC91634}.Debug|x64.ActiveCfg = Debug|Any CPU
		{F9EA6F82-DFE2-46FB-BC8B-42AEBCC91634}.Debug|x64.Build.0 = Debug|Any CPU
		{F9EA6F82-DFE2-46FB-BC8B-42AEBCC91634}.Debug|x86.ActiveCfg = Debug|Any CPU
		{F9EA6F82-DFE2-46FB-BC8B-42AEBCC91634}.Debug|x86.Build.0 = Debug|Any CPU
		{F9EA6F82-DFE2-46FB-BC8B-42AEBCC91634}.Release|Any CPU.ActiveCfg = Release|Any CPU
		{F9EA6F82-DFE2-46FB-BC8B-42AEBCC91634}.Release|Any CPU.Build.0 = Release|Any CPU
		{F9EA6F82-DFE2-46FB-BC8B-42AEBCC91634}.Release|ARM.ActiveCfg = Release|Any CPU
		{F9EA6F82-DFE2-46FB-BC8B-42AEBCC91634}.Release|ARM.Build.0 = Release|Any CPU
		{F9EA6F82-DFE2-46FB-BC8B-42AEBCC91634}.Release|x64.ActiveCfg = Release|Any CPU
		{F9EA6F82-DFE2-46FB-BC8B-42AEBCC91634}.Release|x64.Build.0 = Release|Any CPU
		{F9EA6F82-DFE2-46FB-BC8B-42AEBCC91634}.Release|x86.ActiveCfg = Release|Any CPU
		{F9EA6F82-DFE2-46FB-BC8B-42AEBCC91634}.Release|x86.Build.0 = Release|Any CPU
		{31C1B259-257A-4CBD-A89A-E9976C0FC16D}.Debug|Any CPU.ActiveCfg = Debug|x86
		{31C1B259-257A-4CBD-A89A-E9976C0FC16D}.Debug|ARM.ActiveCfg = Debug|ARM
		{31C1B259-257A-4CBD-A89A-E9976C0FC16D}.Debug|ARM.Build.0 = Debug|ARM
		{31C1B259-257A-4CBD-A89A-E9976C0FC16D}.Debug|ARM.Deploy.0 = Debug|ARM
		{31C1B259-257A-4CBD-A89A-E9976C0FC16D}.Debug|x64.ActiveCfg = Debug|x64
		{31C1B259-257A-4CBD-A89A-E9976C0FC16D}.Debug|x64.Build.0 = Debug|x64
		{31C1B259-257A-4CBD-A89A-E9976C0FC16D}.Debug|x64.Deploy.0 = Debug|x64
		{31C1B259-257A-4CBD-A89A-E9976C0FC16D}.Debug|x86.ActiveCfg = Debug|x86
		{31C1B259-257A-4CBD-A89A-E9976C0FC16D}.Debug|x86.Build.0 = Debug|x86
		{31C1B259-257A-4CBD-A89A-E9976C0FC16D}.Debug|x86.Deploy.0 = Debug|x86
		{31C1B259-257A-4CBD-A89A-E9976C0FC16D}.Release|Any CPU.ActiveCfg = Release|x86
		{31C1B259-257A-4CBD-A89A-E9976C0FC16D}.Release|ARM.ActiveCfg = Release|ARM
		{31C1B259-257A-4CBD-A89A-E9976C0FC16D}.Release|ARM.Build.0 = Release|ARM
		{31C1B259-257A-4CBD-A89A-E9976C0FC16D}.Release|ARM.Deploy.0 = Release|ARM
		{31C1B259-257A-4CBD-A89A-E9976C0FC16D}.Release|x64.ActiveCfg = Release|x64
		{31C1B259-257A-4CBD-A89A-E9976C0FC16D}.Release|x64.Build.0 = Release|x64
		{31C1B259-257A-4CBD-A89A-E9976C0FC16D}.Release|x64.Deploy.0 = Release|x64
		{31C1B259-257A-4CBD-A89A-E9976C0FC16D}.Release|x86.ActiveCfg = Release|x86
		{31C1B259-257A-4CBD-A89A-E9976C0FC16D}.Release|x86.Build.0 = Release|x86
		{31C1B259-257A-4CBD-A89A-E9976C0FC16D}.Release|x86.Deploy.0 = Release|x86
	EndGlobalSection
	GlobalSection(SolutionProperties) = preSolution
		HideSolutionNode = FALSE
	EndGlobalSection
	GlobalSection(ExtensibilityGlobals) = postSolution
		SolutionGuid = {96BAD29B-90B1-4E7A-8721-A5447E1522F1}
	EndGlobalSection
EndGlobal
